
Microsoft Visual Studio Solution File, Format Version 12.00
# Visual Studio Version 17
VisualStudioVersion = 17.5.002.0
MinimumVisualStudioVersion = 10.0.40219.1
Project("{9A19103F-16F7-4668-BE54-9A1E7A4F7556}") = "TicTacToeConsole", "TicTacToeConsole.csproj", "{E2779796-9D40-4068-8407-0B171A1A8C51}"
EndProject
Global
	GlobalSection(SolutionConfigurationPlatforms) = preSolution
		Debug|Any CPU = Debug|Any CPU
		Release|Any CPU = Release|Any CPU
	EndGlobalSection
	GlobalSection(ProjectConfigurationPlatforms) = postSolution
		{E2779796-9D40-4068-8407-0B171A1A8C51}.Debug|Any CPU.ActiveCfg = Debug|Any CPU
		{E2779796-9D40-4068-8407-0B171A1A8C51}.Debug|Any CPU.Build.0 = Debug|Any CPU
		{E2779796-9D40-4068-8407-0B171A1A8C51}.Release|Any CPU.ActiveCfg = Release|Any CPU
		{E2779796-9D40-4068-8407-0B171A1A8C51}.Release|Any CPU.Build.0 = Release|Any CPU
	EndGlobalSection
	GlobalSection(SolutionProperties) = preSolution
		HideSolutionNode = FALSE
	EndGlobalSection
	GlobalSection(ExtensibilityGlobals) = postSolution
		SolutionGuid = {023F3177-14DE-4B4D-87C3-DDDFBB5FD3F4}
	EndGlobalSection
EndGlobal
